PODS:
  - Masonry (0.6.4)
  - SFDualWaySlider (0.9.3):
    - Masonry (~> 0.6.4)

DEPENDENCIES:
  - SFDualWaySlider

SPEC CHECKSUMS:
  Masonry: 281802d04d787ea2973179ee8bcb50500579ede2
  SFDualWaySlider: 3b54d166936183703028120dc2dbb0dd5e3abb5d

PODFILE CHECKSUM: f13e141f3eefe007efc9a90dd2aedc9af9ff0cb1

COCOAPODS: 1.0.1
